// !$*UTF8*$!
{
	archiveVersion = 1;
	classes = {
	};
	objectVersion = 55;
	objects = {

/* Begin PBXBuildFile section */
		84CBE38427BE0A3200BA140D /* AppDelegate.swift in Sources */ = {isa = PBXBuildFile; fileRef = 84CBE38327BE0A3200BA140D /* AppDelegate.swift */; };
		84CBE38627BE0A3200BA140D /* SceneDelegate.swift in Sources */ = {isa = PBXBuildFile; fileRef = 84CBE38527BE0A3200BA140D /* SceneDelegate.swift */; };
		84CBE38827BE0A3200BA140D /* UserListViewController.swift in Sources */ = {isa = PBXBuildFile; fileRef = 84CBE38727BE0A3200BA140D /* UserListViewController.swift */; };
		84CBE38B27BE0A3200BA140D /* Main.storyboard in Resources */ = {isa = PBXBuildFile; fileRef = 84CBE38927BE0A3200BA140D /* Main.storyboard */; };
		84CBE38D27BE0A3400BA140D /* Assets.xcassets in Resources */ = {isa = PBXBuildFile; fileRef = 84CBE38C27BE0A3400BA140D /* Assets.xcassets */; };
		84CBE39027BE0A3400BA140D /* LaunchScreen.storyboard in Resources */ = {isa = PBXBuildFile; fileRef = 84CBE38E27BE0A3400BA140D /* LaunchScreen.storyboard */; };
		84CBE39D27BE94B100BA140D /* AppConstants.swift in Sources */ = {isa = PBXBuildFile; fileRef = 84CBE39C27BE94B100BA140D /* AppConstants.swift */; };
		84CBE3A027BEA39B00BA140D /* UserListTableViewCell.swift in Sources */ = {isa = PBXBuildFile; fileRef = 84CBE39F27BEA39B00BA140D /* UserListTableViewCell.swift */; };
		84CBE3A327BEA81900BA140D /* UserEntity.swift in Sources */ = {isa = PBXBuildFile; fileRef = 84CBE3A227BEA81900BA140D /* UserEntity.swift */; };
		A3007227651268DF2609B6A5 /* Pods_jsonplaceholder_api.framework in Frameworks */ = {isa = PBXBuildFile; fileRef = A91D82E1A8E68FB789B937C4 /* Pods_jsonplaceholder_api.framework */; };
/* End PBXBuildFile section */

/* Begin PBXFileReference section */
		755593E0114EB16E7D4344F9 /* Pods-jsonplaceholder-api.debug.xcconfig */ = {isa = PBXFileReference; includeInIndex = 1; lastKnownFileType = text.xcconfig; name = "Pods-jsonplaceholder-api.debug.xcconfig"; path = "Target Support Files/Pods-jsonplaceholder-api/Pods-jsonplaceholder-api.debug.xcconfig"; sourceTree = "<group>"; };
		84CBE38027BE0A3200BA140D /* jsonplaceholder-api.app */ = {isa = PBXFileReference; explicitFileType = wrapper.application; includeInIndex = 0; path = "jsonplaceholder-api.app"; sourceTree = BUILT_PRODUCTS_DIR; };
		84CBE38327BE0A3200BA140D /* AppDelegate.swift */ = {isa = PBXFileReference; lastKnownFileType = sourcecode.swift; path = AppDelegate.swift; sourceTree = "<group>"; };
		84CBE38527BE0A3200BA140D /* SceneDelegate.swift */ = {isa = PBXFileReference; lastKnownFileType = sourcecode.swift; path = SceneDelegate.swift; sourceTree = "<group>"; };
		84CBE38727BE0A3200BA140D /* UserListViewController.swift */ = {isa = PBXFileReference; lastKnownFileType = sourcecode.swift; path = UserListViewController.swift; sourceTree = "<group>"; };
		84CBE38A27BE0A3200BA140D /* Base */ = {isa = PBXFileReference; lastKnownFileType = file.storyboard; name = Base; path = Base.lproj/Main.storyboard; sourceTree = "<group>"; };
		84CBE38C27BE0A3400BA140D /* Assets.xcassets */ = {isa = PBXFileReference; lastKnownFileType = folder.assetcatalog; path = Assets.xcassets; sourceTree = "<group>"; };
		84CBE38F27BE0A3400BA140D /* Base */ = {isa = PBXFileReference; lastKnownFileType = file.storyboard; name = Base; path = Base.lproj/LaunchScreen.storyboard; sourceTree = "<group>"; };
		84CBE39127BE0A3400BA140D /* Info.plist */ = {isa = PBXFileReference; lastKnownFileType = text.plist.xml; path = Info.plist; sourceTree = "<group>"; };
		84CBE39C27BE94B100BA140D /* AppConstants.swift */ = {isa = PBXFileReference; lastKnownFileType = sourcecode.swift; path = AppConstants.swift; sourceTree = "<group>"; };
		84CBE39F27BEA39B00BA140D /* UserListTableViewCell.swift */ = {isa = PBXFileReference; lastKnownFileType = sourcecode.swift; path = UserListTableViewCell.swift; sourceTree = "<group>"; };
		84CBE3A227BEA81900BA140D /* UserEntity.swift */ = {isa = PBXFileReference; lastKnownFileType = sourcecode.swift; path = UserEntity.swift; sourceTree = "<group>"; };
		A91D82E1A8E68FB789B937C4 /* Pods_jsonplaceholder_api.framework */ = {isa = PBXFileReference; explicitFileType = wrapper.framework; includeInIndex = 0; path = Pods_jsonplaceholder_api.framework; sourceTree = BUILT_PRODUCTS_DIR; };
		C2045EC12EECBBCC6F3A200C /* Pods-jsonplaceholder-api.release.xcconfig */ = {isa = PBXFileReference; includeInIndex = 1; lastKnownFileType = text.xcconfig; name = "Pods-jsonplaceholder-api.release.xcconfig"; path = "Target Support Files/Pods-jsonplaceholder-api/Pods-jsonplaceholder-api.release.xcconfig"; sourceTree = "<group>"; };
/* End PBXFileReference section */

/* Begin PBXFrameworksBuildPhase section */
		84CBE37D27BE0A3200BA140D /* Frameworks */ = {
			isa = PBXFrameworksBuildPhase;
			buildActionMask = 2147483647;
			files = (
				A3007227651268DF2609B6A5 /* Pods_jsonplaceholder_api.framework in Frameworks */,
			);
			runOnlyForDeploymentPostprocessing = 0;
		};
/* End PBXFrameworksBuildPhase section */

/* Begin PBXGroup section */
		24446CEA86E9CC0AB7A3618A /* Frameworks */ = {
			isa = PBXGroup;
			children = (
				A91D82E1A8E68FB789B937C4 /* Pods_jsonplaceholder_api.framework */,
			);
			name = Frameworks;
			sourceTree = "<group>";
		};
		84CBE37727BE0A3200BA140D = {
			isa = PBXGroup;
			children = (
				84CBE38227BE0A3200BA140D /* jsonplaceholder-api */,
				84CBE39B27BE946D00BA140D /* common-utils */,
				84CBE38127BE0A3200BA140D /* Products */,
				EFE1D6C073F885E603A3B567 /* Pods */,
				24446CEA86E9CC0AB7A3618A /* Frameworks */,
			);
			sourceTree = "<group>";
		};
		84CBE38127BE0A3200BA140D /* Products */ = {
			isa = PBXGroup;
			children = (
				84CBE38027BE0A3200BA140D /* jsonplaceholder-api.app */,
			);
			name = Products;
			sourceTree = "<group>";
		};
		84CBE38227BE0A3200BA140D /* jsonplaceholder-api */ = {
			isa = PBXGroup;
			children = (
				84CBE39127BE0A3400BA140D /* Info.plist */,
				84CBE38C27BE0A3400BA140D /* Assets.xcassets */,
				84CBE39A27BE940100BA140D /* app-ui */,
				84CBE39927BE937F00BA140D /* app-settings */,
				84CBE39727BE931000BA140D /* app-modules */,
			);
			path = "jsonplaceholder-api";
			sourceTree = "<group>";
		};
		84CBE39727BE931000BA140D /* app-modules */ = {
			isa = PBXGroup;
			children = (
				84CBE39827BE931B00BA140D /* user-list-module */,
			);
			path = "app-modules";
			sourceTree = "<group>";
		};
		84CBE39827BE931B00BA140D /* user-list-module */ = {
			isa = PBXGroup;
			children = (
				84CBE39E27BEA06A00BA140D /* View */,
				84CBE3A427BEA86300BA140D /* Interactor */,
				84CBE3A127BEA80300BA140D /* Entity */,
			);
			path = "user-list-module";
			sourceTree = "<group>";
		};
		84CBE39927BE937F00BA140D /* app-settings */ = {
			isa = PBXGroup;
			children = (
				84CBE38327BE0A3200BA140D /* AppDelegate.swift */,
				84CBE38527BE0A3200BA140D /* SceneDelegate.swift */,
			);
			path = "app-settings";
			sourceTree = "<group>";
		};
		84CBE39A27BE940100BA140D /* app-ui */ = {
			isa = PBXGroup;
			children = (
				84CBE38E27BE0A3400BA140D /* LaunchScreen.storyboard */,
				84CBE38927BE0A3200BA140D /* Main.storyboard */,
			);
			path = "app-ui";
			sourceTree = "<group>";
		};
		84CBE39B27BE946D00BA140D /* common-utils */ = {
			isa = PBXGroup;
			children = (
				84CBE39C27BE94B100BA140D /* AppConstants.swift */,
			);
			path = "common-utils";
			sourceTree = "<group>";
		};
		84CBE39E27BEA06A00BA140D /* View */ = {
			isa = PBXGroup;
			children = (
				84CBE38727BE0A3200BA140D /* UserListViewController.swift */,
				84CBE39F27BEA39B00BA140D /* UserListTableViewCell.swift */,
			);
			path = View;
			sourceTree = "<group>";
		};
		84CBE3A127BEA80300BA140D /* Entity */ = {
			isa = PBXGroup;
			children = (
				84CBE3A227BEA81900BA140D /* UserEntity.swift */,
			);
			path = Entity;
			sourceTree = "<group>";
		};
		84CBE3A427BEA86300BA140D /* Interactor */ = {
			isa = PBXGroup;
			children = (
			);
			path = Interactor;
			sourceTree = "<group>";
		};
		EFE1D6C073F885E603A3B567 /* Pods */ = {
			isa = PBXGroup;
			children = (
				755593E0114EB16E7D4344F9 /* Pods-jsonplaceholder-api.debug.xcconfig */,
				C2045EC12EECBBCC6F3A200C /* Pods-jsonplaceholder-api.release.xcconfig */,
			);
			path = Pods;
			sourceTree = "<group>";
		};
/* End PBXGroup section */

/* Begin PBXNativeTarget section */
		84CBE37F27BE0A3200BA140D /* jsonplaceholder-api */ = {
			isa = PBXNativeTarget;
			buildConfigurationList = 84CBE39427BE0A3400BA140D /* Build configuration list for PBXNativeTarget "jsonplaceholder-api" */;
			buildPhases = (
				3390D6615149324646419451 /* [CP] Check Pods Manifest.lock */,
				84CBE37C27BE0A3200BA140D /* Sources */,
				84CBE37D27BE0A3200BA140D /* Frameworks */,
				84CBE37E27BE0A3200BA140D /* Resources */,
				430BB2F3292FD37370918EF3 /* [CP] Embed Pods Frameworks */,
			);
			buildRules = (
			);
			dependencies = (
			);
			name = "jsonplaceholder-api";
			productName = "jsonplaceholder-api";
			productReference = 84CBE38027BE0A3200BA140D /* jsonplaceholder-api.app */;
			productType = "com.apple.product-type.application";
		};
/* End PBXNativeTarget section */

/* Begin PBXProject section */
		84CBE37827BE0A3200BA140D /* Project object */ = {
			isa = PBXProject;
			attributes = {
				BuildIndependentTargetsInParallel = 1;
				LastSwiftUpdateCheck = 1320;
				LastUpgradeCheck = 1320;
				TargetAttributes = {
					84CBE37F27BE0A3200BA140D = {
						CreatedOnToolsVersion = 13.2.1;
					};
				};
			};
			buildConfigurationList = 84CBE37B27BE0A3200BA140D /* Build configuration list for PBXProject "jsonplaceholder-api" */;
			compatibilityVersion = "Xcode 13.0";
			developmentRegion = en;
			hasScannedForEncodings = 0;
			knownRegions = (
				en,
				Base,
			);
			mainGroup = 84CBE37727BE0A3200BA140D;
			productRefGroup = 84CBE38127BE0A3200BA140D /* Products */;
			projectDirPath = "";
			projectRoot = "";
			targets = (
				84CBE37F27BE0A3200BA140D /* jsonplaceholder-api */,
			);
		};
/* End PBXProject section */

/* Begin PBXResourcesBuildPhase section */
		84CBE37E27BE0A3200BA140D /* Resources */ = {
			isa = PBXResourcesBuildPhase;
			buildActionMask = 2147483647;
			files = (
				84CBE39027BE0A3400BA140D /* LaunchScreen.storyboard in Resources */,
				84CBE38D27BE0A3400BA140D /* Assets.xcassets in Resources */,
				84CBE38B27BE0A3200BA140D /* Main.storyboard in Resources */,
			);
			runOnlyForDeploymentPostprocessing = 0;
		};
/* End PBXResourcesBuildPhase section */

/* Begin PBXShellScriptBuildPhase section */
		3390D6615149324646419451 /* [CP] Check Pods Manifest.lock */ = {
			isa = PBXShellScriptBuildPhase;
			buildActionMask = 2147483647;
			files = (
			);
			inputFileListPaths = (
			);
			inputPaths = (
				"${PODS_PODFILE_DIR_PATH}/Podfile.lock",
				"${PODS_ROOT}/Manifest.lock",
			);
			name = "[CP] Check Pods Manifest.lock";
			outputFileListPaths = (
			);
			outputPaths = (
				"$(DERIVED_FILE_DIR)/Pods-jsonplaceholder-api-checkManifestLockResult.txt",
			);
			runOnlyForDeploymentPostprocessing = 0;
			shellPath = /bin/sh;
			shellScript = "diff \"${PODS_PODFILE_DIR_PATH}/Podfile.lock\" \"${PODS_ROOT}/Manifest.lock\" > /dev/null\nif [ $? != 0 ] ; then\n    # print error to STDERR\n    echo \"error: The sandbox is not in sync with the Podfile.lock. Run 'pod install' or update your CocoaPods installation.\" >&2\n    exit 1\nfi\n# This output is used by Xcode 'outputs' to avoid re-running this script phase.\necho \"SUCCESS\" > \"${SCRIPT_OUTPUT_FILE_0}\"\n";
			showEnvVarsInLog = 0;
		};
		430BB2F3292FD37370918EF3 /* [CP] Embed Pods Frameworks */ = {
			isa = PBXShellScriptBuildPhase;
			buildActionMask = 2147483647;
			files = (
			);
			inputFileListPaths = (
				"${PODS_ROOT}/Target Support Files/Pods-jsonplaceholder-api/Pods-jsonplaceholder-api-frameworks-${CONFIGURATION}-input-files.xcfilelist",
			);
			name = "[CP] Embed Pods Frameworks";
			outputFileListPaths = (
				"${PODS_ROOT}/Target Support Files/Pods-jsonplaceholder-api/Pods-jsonplaceholder-api-frameworks-${CONFIGURATION}-output-files.xcfilelist",
			);
			runOnlyForDeploymentPostprocessing = 0;
			shellPath = /bin/sh;
			shellScript = "\"${PODS_ROOT}/Target Support Files/Pods-jsonplaceholder-api/Pods-jsonplaceholder-api-frameworks.sh\"\n";
			showEnvVarsInLog = 0;
		};
/* End PBXShellScriptBuildPhase section */

/* Begin PBXSourcesBuildPhase section */
		84CBE37C27BE0A3200BA140D /* Sources */ = {
			isa = PBXSourcesBuildPhase;
			buildActionMask = 2147483647;
			files = (
				84CBE3A027BEA39B00BA140D /* UserListTableViewCell.swift in Sources */,
				84CBE3A327BEA81900BA140D /* UserEntity.swift in Sources */,
				84CBE38827BE0A3200BA140D /* UserListViewController.swift in Sources */,
				84CBE38427BE0A3200BA140D /* AppDelegate.swift in Sources */,
				84CBE38627BE0A3200BA140D /* SceneDelegate.swift in Sources */,
				84CBE39D27BE94B100BA140D /* AppConstants.swift in Sources */,
			);
			runOnlyForDeploymentPostprocessing = 0;
		};
/* End PBXSourcesBuildPhase section */

/* Begin PBXVariantGroup section */
		84CBE38927BE0A3200BA140D /* Main.storyboard */ = {
			isa = PBXVariantGroup;
			children = (
				84CBE38A27BE0A3200BA140D /* Base */,
			);
			name = Main.storyboard;
			sourceTree = "<group>";
		};
		84CBE38E27BE0A3400BA140D /* LaunchScreen.storyboard */ = {
			isa = PBXVariantGroup;
			children = (
				84CBE38F27BE0A3400BA140D /* Base */,
			);
			name = LaunchScreen.storyboard;
			sourceTree = "<group>";
		};
/* End PBXVariantGroup section */

/* Begin XCBuildConfiguration section */
		84CBE39227BE0A3400BA140D /* Debug */ = {
			isa = XCBuildConfiguration;
			buildSettings = {
				ALWAYS_SEARCH_USER_PATHS = NO;
				CLANG_ANALYZER_NONNULL = YES;
				CLANG_ANALYZER_NUMBER_OBJECT_CONVERSION = YES_AGGRESSIVE;
				CLANG_CXX_LANGUAGE_STANDARD = "gnu++17";
				CLANG_CXX_LIBRARY = "libc++";
				CLANG_ENABLE_MODULES = YES;
				CLANG_ENABLE_OBJC_ARC = YES;
				CLANG_ENABLE_OBJC_WEAK = YES;
				CLANG_WARN_BLOCK_CAPTURE_AUTORELEASING = YES;
				CLANG_WARN_BOOL_CONVERSION = YES;
				CLANG_WARN_COMMA = YES;
				CLANG_WARN_CONSTANT_CONVERSION = YES;
				CLANG_WARN_DEPRECATED_OBJC_IMPLEMENTATIONS = YES;
				CLANG_WARN_DIRECT_OBJC_ISA_USAGE = YES_ERROR;
				CLANG_WARN_DOCUMENTATION_COMMENTS = YES;
				CLANG_WARN_EMPTY_BODY = YES;
				CLANG_WARN_ENUM_CONVERSION = YES;
				CLANG_WARN_INFINITE_RECURSION = YES;
				CLANG_WARN_INT_CONVERSION = YES;
				CLANG_WARN_NON_LITERAL_NULL_CONVERSION = YES;
				CLANG_WARN_OBJC_IMPLICIT_RETAIN_SELF = YES;
				CLANG_WARN_OBJC_LITERAL_CONVERSION = YES;
				CLANG_WARN_OBJC_ROOT_CLASS = YES_ERROR;
				CLANG_WARN_QUOTED_INCLUDE_IN_FRAMEWORK_HEADER = YES;
				CLANG_WARN_RANGE_LOOP_ANALYSIS = YES;
				CLANG_WARN_STRICT_PROTOTYPES = YES;
				CLANG_WARN_SUSPICIOUS_MOVE = YES;
				CLANG_WARN_UNGUARDED_AVAILABILITY = YES_AGGRESSIVE;
				CLANG_WARN_UNREACHABLE_CODE = YES;
				CLANG_WARN__DUPLICATE_METHOD_MATCH = YES;
				COPY_PHASE_STRIP = NO;
				DEBUG_INFORMATION_FORMAT = dwarf;
				ENABLE_STRICT_OBJC_MSGSEND = YES;
				ENABLE_TESTABILITY = YES;
				GCC_C_LANGUAGE_STANDARD = gnu11;
				GCC_DYNAMIC_NO_PIC = NO;
				GCC_NO_COMMON_BLOCKS = YES;
				GCC_OPTIMIZATION_LEVEL = 0;
				GCC_PREPROCESSOR_DEFINITIONS = (
					"DEBUG=1",
					"$(inherited)",
				);
				GCC_WARN_64_TO_32_BIT_CONVERSION = YES;
				GCC_WARN_ABOUT_RETURN_TYPE = YES_ERROR;
				GCC_WARN_UNDECLARED_SELECTOR = YES;
				GCC_WARN_UNINITIALIZED_AUTOS = YES_AGGRESSIVE;
				GCC_WARN_UNUSED_FUNCTION = YES;
				GCC_WARN_UNUSED_VARIABLE = YES;
				IPHONEOS_DEPLOYMENT_TARGET = 15.2;
				MTL_ENABLE_DEBUG_INFO = INCLUDE_SOURCE;
				MTL_FAST_MATH = YES;
				ONLY_ACTIVE_ARCH = YES;
				SDKROOT = iphoneos;
				SWIFT_ACTIVE_COMPILATION_CONDITIONS = DEBUG;
				SWIFT_OPTIMIZATION_LEVEL = "-Onone";
			};
			name = Debug;
		};
		84CBE39327BE0A3400BA140D /* Release */ = {
			isa = XCBuildConfiguration;
			buildSettings = {
				ALWAYS_SEARCH_USER_PATHS = NO;
				CLANG_ANALYZER_NONNULL = YES;
				CLANG_ANALYZER_NUMBER_OBJECT_CONVERSION = YES_AGGRESSIVE;
				CLANG_CXX_LANGUAGE_STANDARD = "gnu++17";
				CLANG_CXX_LIBRARY = "libc++";
				CLANG_ENABLE_MODULES = YES;
				CLANG_ENABLE_OBJC_ARC = YES;
				CLANG_ENABLE_OBJC_WEAK = YES;
				CLANG_WARN_BLOCK_CAPTURE_AUTORELEASING = YES;
				CLANG_WARN_BOOL_CONVERSION = YES;
				CLANG_WARN_COMMA = YES;
				CLANG_WARN_CONSTANT_CONVERSION = YES;
				CLANG_WARN_DEPRECATED_OBJC_IMPLEMENTATIONS = YES;
				CLANG_WARN_DIRECT_OBJC_ISA_USAGE = YES_ERROR;
				CLANG_WARN_DOCUMENTATION_COMMENTS = YES;
				CLANG_WARN_EMPTY_BODY = YES;
				CLANG_WARN_ENUM_CONVERSION = YES;
				CLANG_WARN_INFINITE_RECURSION = YES;
				CLANG_WARN_INT_CONVERSION = YES;
				CLANG_WARN_NON_LITERAL_NULL_CONVERSION = YES;
				CLANG_WARN_OBJC_IMPLICIT_RETAIN_SELF = YES;
				CLANG_WARN_OBJC_LITERAL_CONVERSION = YES;
				CLANG_WARN_OBJC_ROOT_CLASS = YES_ERROR;
				CLANG_WARN_QUOTED_INCLUDE_IN_FRAMEWORK_HEADER = YES;
				CLANG_WARN_RANGE_LOOP_ANALYSIS = YES;
				CLANG_WARN_STRICT_PROTOTYPES = YES;
				CLANG_WARN_SUSPICIOUS_MOVE = YES;
				CLANG_WARN_UNGUARDED_AVAILABILITY = YES_AGGRESSIVE;
				CLANG_WARN_UNREACHABLE_CODE = YES;
				CLANG_WARN__DUPLICATE_METHOD_MATCH = YES;
				COPY_PHASE_STRIP = NO;
				DEBUG_INFORMATION_FORMAT = "dwarf-with-dsym";
				ENABLE_NS_ASSERTIONS = NO;
				ENABLE_STRICT_OBJC_MSGSEND = YES;
				GCC_C_LANGUAGE_STANDARD = gnu11;
				GCC_NO_COMMON_BLOCKS = YES;
				GCC_WARN_64_TO_32_BIT_CONVERSION = YES;
				GCC_WARN_ABOUT_RETURN_TYPE = YES_ERROR;
				GCC_WARN_UNDECLARED_SELECTOR = YES;
				GCC_WARN_UNINITIALIZED_AUTOS = YES_AGGRESSIVE;
				GCC_WARN_UNUSED_FUNCTION = YES;
				GCC_WARN_UNUSED_VARIABLE = YES;
				IPHONEOS_DEPLOYMENT_TARGET = 15.2;
				MTL_ENABLE_DEBUG_INFO = NO;
				MTL_FAST_MATH = YES;
				SDKROOT = iphoneos;
				SWIFT_COMPILATION_MODE = wholemodule;
				SWIFT_OPTIMIZATION_LEVEL = "-O";
				VALIDATE_PRODUCT = YES;
			};
			name = Release;
		};
		84CBE39527BE0A3400BA140D /* Debug */ = {
			isa = XCBuildConfiguration;
			baseConfigurationReference = 755593E0114EB16E7D4344F9 /* Pods-jsonplaceholder-api.debug.xcconfig */;
			buildSettings = {
				ASSETCATALOG_COMPILER_APPICON_NAME = AppIcon;
				ASSETCATALOG_COMPILER_GLOBAL_ACCENT_COLOR_NAME = AccentColor;
				CODE_SIGN_STYLE = Automatic;
				CURRENT_PROJECT_VERSION = 1;
				GENERATE_INFOPLIST_FILE = YES;
				INFOPLIST_FILE = "jsonplaceholder-api/Info.plist";
				INFOPLIST_KEY_UIApplicationSupportsIndirectInputEvents = YES;
				INFOPLIST_KEY_UILaunchStoryboardName = LaunchScreen;
				INFOPLIST_KEY_UIMainStoryboardFile = Main;
				INFOPLIST_KEY_UISupportedInterfaceOrientations_iPad = "UIInterfaceOrientationPortrait UIInterfaceOrientationPortraitUpsideDown UIInterfaceOrientationLandscapeLeft UIInterfaceOrientationLandscapeRight";
				INFOPLIST_KEY_UISupportedInterfaceOrientations_iPhone = "UIInterfaceOrientationPortrait UIInterfaceOrientationLandscapeLeft UIInterfaceOrientationLandscapeRight";
				LD_RUNPATH_SEARCH_PATHS = (
					"$(inherited)",
					"@executable_path/Frameworks",
				);
				MARKETING_VERSION = 1.0;
				PRODUCT_BUNDLE_IDENTIFIER = "leonardomartes.jsonplaceholder-api";
				PRODUCT_NAME = "$(TARGET_NAME)";
				SWIFT_EMIT_LOC_STRINGS = YES;
				SWIFT_VERSION = 5.0;
				TARGETED_DEVICE_FAMILY = "1,2";
			};
			name = Debug;
		};
		84CBE39627BE0A3400BA140D /* Release */ = {
			isa = XCBuildConfiguration;
			baseConfigurationReference = C2045EC12EECBBCC6F3A200C /* Pods-jsonplaceholder-api.release.xcconfig */;
			buildSettings = {
				ASSETCATALOG_COMPILER_APPICON_NAME = AppIcon;
				ASSETCATALOG_COMPILER_GLOBAL_ACCENT_COLOR_NAME = AccentColor;
				CODE_SIGN_STYLE = Automatic;
				CURRENT_PROJECT_VERSION = 1;
				GENERATE_INFOPLIST_FILE = YES;
				INFOPLIST_FILE = "jsonplaceholder-api/Info.plist";
				INFOPLIST_KEY_UIApplicationSupportsIndirectInputEvents = YES;
				INFOPLIST_KEY_UILaunchStoryboardName = LaunchScreen;
				INFOPLIST_KEY_UIMainStoryboardFile = Main;
				INFOPLIST_KEY_UISupportedInterfaceOrientations_iPad = "UIInterfaceOrientationPortrait UIInterfaceOrientationPortraitUpsideDown UIInterfaceOrientationLandscapeLeft UIInterfaceOrientationLandscapeRight";
				INFOPLIST_KEY_UISupportedInterfaceOrientations_iPhone = "UIInterfaceOrientationPortrait UIInterfaceOrientationLandscapeLeft UIInterfaceOrientationLandscapeRight";
				LD_RUNPATH_SEARCH_PATHS = (
					"$(inherited)",
					"@executable_path/Frameworks",
				);
				MARKETING_VERSION = 1.0;
				PRODUCT_BUNDLE_IDENTIFIER = "leonardomartes.jsonplaceholder-api";
				PRODUCT_NAME = "$(TARGET_NAME)";
				SWIFT_EMIT_LOC_STRINGS = YES;
				SWIFT_VERSION = 5.0;
				TARGETED_DEVICE_FAMILY = "1,2";
			};
			name = Release;
		};
/* End XCBuildConfiguration section */

/* Begin XCConfigurationList section */
		84CBE37B27BE0A3200BA140D /* Build configuration list for PBXProject "jsonplaceholder-api" */ = {
			isa = XCConfigurationList;
			buildConfigurations = (
				84CBE39227BE0A3400BA140D /* Debug */,
				84CBE39327BE0A3400BA140D /* Release */,
			);
			defaultConfigurationIsVisible = 0;
			defaultConfigurationName = Release;
		};
		84CBE39427BE0A3400BA140D /* Build configuration list for PBXNativeTarget "jsonplaceholder-api" */ = {
			isa = XCConfigurationList;
			buildConfigurations = (
				84CBE39527BE0A3400BA140D /* Debug */,
				84CBE39627BE0A3400BA140D /* Release */,
			);
			defaultConfigurationIsVisible = 0;
			defaultConfigurationName = Release;
		};
/* End XCConfigurationList section */
	};
	rootObject = 84CBE37827BE0A3200BA140D /* Project object */;
}
